// !$*UTF8*$!
{
	archiveVersion = 1;
	classes = {
	};
	objectVersion = 46;
	objects = {

/* Begin PBXBuildFile section */
		245B76E6C7A2928589DB7249 /* Pods.framework in Frameworks */ = {isa = PBXBuildFile; fileRef = C21BEDBBD4B9621C90B092F7 /* Pods.framework */; };
		515676AA1C053742008D3347 /* AppDelegate.swift in Sources */ = {isa = PBXBuildFile; fileRef = 515676A91C053742008D3347 /* AppDelegate.swift */; };
		515676AC1C053742008D3347 /* BrowseFolderController.swift in Sources */ = {isa = PBXBuildFile; fileRef = 515676AB1C053742008D3347 /* BrowseFolderController.swift */; };
		515676AE1C053742008D3347 /* SettingsViewController.swift in Sources */ = {isa = PBXBuildFile; fileRef = 515676AD1C053742008D3347 /* SettingsViewController.swift */; };
		51985F9D1C248E2A00E1B86E /* Assets.xcassets in Resources */ = {isa = PBXBuildFile; fileRef = 51985F9C1C248E2A00E1B86E /* Assets.xcassets */; };
		51985FA61C24A9C100E1B86E /* FiraCode-Regular.otf in Resources */ = {isa = PBXBuildFile; fileRef = 51985FA31C24A9C100E1B86E /* FiraCode-Regular.otf */; };
		51B846921C24E5B700D4BDE6 /* FiraCode-Bold.otf in Resources */ = {isa = PBXBuildFile; fileRef = 51B846901C24E5B700D4BDE6 /* FiraCode-Bold.otf */; };
		51B846931C24E5B700D4BDE6 /* FiraCode-Medium.otf in Resources */ = {isa = PBXBuildFile; fileRef = 51B846911C24E5B700D4BDE6 /* FiraCode-Medium.otf */; };
		51B847411C272D3400D4BDE6 /* document.png in Resources */ = {isa = PBXBuildFile; fileRef = 51B8473E1C272D3400D4BDE6 /* document.png */; };
		51B847421C272D3400D4BDE6 /* folder.png in Resources */ = {isa = PBXBuildFile; fileRef = 51B8473F1C272D3400D4BDE6 /* folder.png */; };
		51B847431C272D3400D4BDE6 /* settings.png in Resources */ = {isa = PBXBuildFile; fileRef = 51B847401C272D3400D4BDE6 /* settings.png */; };
		51B847461C272E9F00D4BDE6 /* UIImage_Resize.swift in Sources */ = {isa = PBXBuildFile; fileRef = 51B847451C272E9F00D4BDE6 /* UIImage_Resize.swift */; };
		51B8479C1C273D8300D4BDE6 /* actionscript.plist in Resources */ = {isa = PBXBuildFile; fileRef = 51B847481C273D8300D4BDE6 /* actionscript.plist */; };
		51B8479D1C273D8300D4BDE6 /* actionscript3.plist in Resources */ = {isa = PBXBuildFile; fileRef = 51B847491C273D8300D4BDE6 /* actionscript3.plist */; };
		51B8479E1C273D8300D4BDE6 /* active4d.plist in Resources */ = {isa = PBXBuildFile; fileRef = 51B8474A1C273D8300D4BDE6 /* active4d.plist */; };
		51B8479F1C273D8300D4BDE6 /* ada.plist in Resources */ = {isa = PBXBuildFile; fileRef = 51B8474B1C273D8300D4BDE6 /* ada.plist */; };
		51B847A01C273D8300D4BDE6 /* ampl.plist in Resources */ = {isa = PBXBuildFile; fileRef = 51B8474C1C273D8300D4BDE6 /* ampl.plist */; };
		51B847A11C273D8300D4BDE6 /* apache.plist in Resources */ = {isa = PBXBuildFile; fileRef = 51B8474D1C273D8300D4BDE6 /* apache.plist */; };
		51B847A21C273D8300D4BDE6 /* applescript.plist in Resources */ = {isa = PBXBuildFile; fileRef = 51B8474E1C273D8300D4BDE6 /* applescript.plist */; };
		51B847A31C273D8300D4BDE6 /* asm-mips.plist in Resources */ = {isa = PBXBuildFile; fileRef = 51B8474F1C273D8300D4BDE6 /* asm-mips.plist */; };
		51B847A41C273D8300D4BDE6 /* asm-x86.plist in Resources */ = {isa = PBXBuildFile; fileRef = 51B847501C273D8300D4BDE6 /* asm-x86.plist */; };
		51B847A51C273D8300D4BDE6 /* asp-js.plist in Resources */ = {isa = PBXBuildFile; fileRef = 51B847511C273D8300D4BDE6 /* asp-js.plist */; };
		51B847A61C273D8300D4BDE6 /* asp-vb.plist in Resources */ = {isa = PBXBuildFile; fileRef = 51B847521C273D8300D4BDE6 /* asp-vb.plist */; };
		51B847A71C273D8300D4BDE6 /* aspdotnet-cs.plist in Resources */ = {isa = PBXBuildFile; fileRef = 51B847531C273D8300D4BDE6 /* aspdotnet-cs.plist */; };
		51B847A81C273D8300D4BDE6 /* aspdotnet-vb.plist in Resources */ = {isa = PBXBuildFile; fileRef = 51B847541C273D8300D4BDE6 /* aspdotnet-vb.plist */; };
		51B847A91C273D8300D4BDE6 /* awk.plist in Resources */ = {isa = PBXBuildFile; fileRef = 51B847551C273D8300D4BDE6 /* awk.plist */; };
		51B847AA1C273D8300D4BDE6 /* batch.plist in Resources */ = {isa = PBXBuildFile; fileRef = 51B847561C273D8300D4BDE6 /* batch.plist */; };
		51B847AB1C273D8300D4BDE6 /* c.plist in Resources */ = {isa = PBXBuildFile; fileRef = 51B847571C273D8300D4BDE6 /* c.plist */; };
		51B847AC1C273D8300D4BDE6 /* cobol.plist in Resources */ = {isa = PBXBuildFile; fileRef = 51B847581C273D8300D4BDE6 /* cobol.plist */; };
		51B847AD1C273D8300D4BDE6 /* coldfusion.plist in Resources */ = {isa = PBXBuildFile; fileRef = 51B847591C273D8300D4BDE6 /* coldfusion.plist */; };
		51B847AE1C273D8300D4BDE6 /* cpp.plist in Resources */ = {isa = PBXBuildFile; fileRef = 51B8475A1C273D8300D4BDE6 /* cpp.plist */; };
		51B847AF1C273D8300D4BDE6 /* csharp.plist in Resources */ = {isa = PBXBuildFile; fileRef = 51B8475B1C273D8300D4BDE6 /* csharp.plist */; };
		51B847B01C273D8300D4BDE6 /* csound.plist in Resources */ = {isa = PBXBuildFile; fileRef = 51B8475C1C273D8300D4BDE6 /* csound.plist */; };
		51B847B11C273D8300D4BDE6 /* css.plist in Resources */ = {isa = PBXBuildFile; fileRef = 51B8475D1C273D8300D4BDE6 /* css.plist */; };
		51B847B21C273D8300D4BDE6 /* d.plist in Resources */ = {isa = PBXBuildFile; fileRef = 51B8475E1C273D8300D4BDE6 /* d.plist */; };
		51B847B31C273D8300D4BDE6 /* dylan.plist in Resources */ = {isa = PBXBuildFile; fileRef = 51B8475F1C273D8300D4BDE6 /* dylan.plist */; };
		51B847B41C273D8300D4BDE6 /* eiffel.plist in Resources */ = {isa = PBXBuildFile; fileRef = 51B847601C273D8300D4BDE6 /* eiffel.plist */; };
		51B847B51C273D8300D4BDE6 /* erl.plist in Resources */ = {isa = PBXBuildFile; fileRef = 51B847611C273D8300D4BDE6 /* erl.plist */; };
		51B847B61C273D8300D4BDE6 /* eztpl.plist in Resources */ = {isa = PBXBuildFile; fileRef = 51B847621C273D8300D4BDE6 /* eztpl.plist */; };
		51B847B71C273D8300D4BDE6 /* fortran.plist in Resources */ = {isa = PBXBuildFile; fileRef = 51B847631C273D8300D4BDE6 /* fortran.plist */; };
		51B847B81C273D8300D4BDE6 /* freefem.plist in Resources */ = {isa = PBXBuildFile; fileRef = 51B847641C273D8300D4BDE6 /* freefem.plist */; };
		51B847B91C273D8300D4BDE6 /* gedcom.plist in Resources */ = {isa = PBXBuildFile; fileRef = 51B847651C273D8300D4BDE6 /* gedcom.plist */; };
		51B847BA1C273D8300D4BDE6 /* gnuassembler.plist in Resources */ = {isa = PBXBuildFile; fileRef = 51B847661C273D8300D4BDE6 /* gnuassembler.plist */; };
		51B847BB1C273D8300D4BDE6 /* haskell.plist in Resources */ = {isa = PBXBuildFile; fileRef = 51B847671C273D8300D4BDE6 /* haskell.plist */; };
		51B847BC1C273D8300D4BDE6 /* header.plist in Resources */ = {isa = PBXBuildFile; fileRef = 51B847681C273D8300D4BDE6 /* header.plist */; };
		51B847BD1C273D8300D4BDE6 /* html.plist in Resources */ = {isa = PBXBuildFile; fileRef = 51B847691C273D8300D4BDE6 /* html.plist */; };
		51B847BE1C273D8300D4BDE6 /* idl.plist in Resources */ = {isa = PBXBuildFile; fileRef = 51B8476A1C273D8300D4BDE6 /* idl.plist */; };
		51B847BF1C273D8300D4BDE6 /* java.plist in Resources */ = {isa = PBXBuildFile; fileRef = 51B8476B1C273D8300D4BDE6 /* java.plist */; };
		51B847C01C273D8300D4BDE6 /* javafx.plist in Resources */ = {isa = PBXBuildFile; fileRef = 51B8476C1C273D8300D4BDE6 /* javafx.plist */; };
		51B847C11C273D8300D4BDE6 /* javascript.plist in Resources */ = {isa = PBXBuildFile; fileRef = 51B8476D1C273D8300D4BDE6 /* javascript.plist */; };
		51B847C21C273D8300D4BDE6 /* jsp.plist in Resources */ = {isa = PBXBuildFile; fileRef = 51B8476E1C273D8300D4BDE6 /* jsp.plist */; };
		51B847C31C273D8300D4BDE6 /* latex.plist in Resources */ = {isa = PBXBuildFile; fileRef = 51B8476F1C273D8300D4BDE6 /* latex.plist */; };
		51B847C41C273D8300D4BDE6 /* lilypond.plist in Resources */ = {isa = PBXBuildFile; fileRef = 51B847701C273D8300D4BDE6 /* lilypond.plist */; };
		51B847C51C273D8300D4BDE6 /* lisp.plist in Resources */ = {isa = PBXBuildFile; fileRef = 51B847711C273D8300D4BDE6 /* lisp.plist */; };
		51B847C61C273D8300D4BDE6 /* logtalk.plist in Resources */ = {isa = PBXBuildFile; fileRef = 51B847721C273D8300D4BDE6 /* logtalk.plist */; };
		51B847C71C273D8300D4BDE6 /* lsl.plist in Resources */ = {isa = PBXBuildFile; fileRef = 51B847731C273D8300D4BDE6 /* lsl.plist */; };
		51B847C81C273D8300D4BDE6 /* lua.plist in Resources */ = {isa = PBXBuildFile; fileRef = 51B847741C273D8300D4BDE6 /* lua.plist */; };
		51B847C91C273D8300D4BDE6 /* markdown.plist in Resources */ = {isa = PBXBuildFile; fileRef = 51B847751C273D8300D4BDE6 /* markdown.plist */; };
		51B847CA1C273D8300D4BDE6 /* matlab.plist in Resources */ = {isa = PBXBuildFile; fileRef = 51B847761C273D8300D4BDE6 /* matlab.plist */; };
		51B847CB1C273D8300D4BDE6 /* mel.plist in Resources */ = {isa = PBXBuildFile; fileRef = 51B847771C273D8300D4BDE6 /* mel.plist */; };
		51B847CC1C273D8300D4BDE6 /* metapost.plist in Resources */ = {isa = PBXBuildFile; fileRef = 51B847781C273D8300D4BDE6 /* metapost.plist */; };
		51B847CD1C273D8300D4BDE6 /* metaslang.plist in Resources */ = {isa = PBXBuildFile; fileRef = 51B847791C273D8300D4BDE6 /* metaslang.plist */; };
		51B847CE1C273D8300D4BDE6 /* mysql.plist in Resources */ = {isa = PBXBuildFile; fileRef = 51B8477A1C273D8300D4BDE6 /* mysql.plist */; };
		51B847CF1C273D8300D4BDE6 /* nemerle.plist in Resources */ = {isa = PBXBuildFile; fileRef = 51B8477B1C273D8300D4BDE6 /* nemerle.plist */; };
		51B847D01C273D8300D4BDE6 /* none.plist in Resources */ = {isa = PBXBuildFile; fileRef = 51B8477C1C273D8300D4BDE6 /* none.plist */; };
		51B847D11C273D8300D4BDE6 /* nrnhoc.plist in Resources */ = {isa = PBXBuildFile; fileRef = 51B8477D1C273D8300D4BDE6 /* nrnhoc.plist */; };
		51B847D21C273D8300D4BDE6 /* objectivec.plist in Resources */ = {isa = PBXBuildFile; fileRef = 51B8477E1C273D8300D4BDE6 /* objectivec.plist */; };
		51B847D31C273D8300D4BDE6 /* objectivecaml.plist in Resources */ = {isa = PBXBuildFile; fileRef = 51B8477F1C273D8300D4BDE6 /* objectivecaml.plist */; };
		51B847D41C273D8300D4BDE6 /* ox.plist in Resources */ = {isa = PBXBuildFile; fileRef = 51B847801C273D8300D4BDE6 /* ox.plist */; };
		51B847D51C273D8300D4BDE6 /* pascal.plist in Resources */ = {isa = PBXBuildFile; fileRef = 51B847811C273D8300D4BDE6 /* pascal.plist */; };
		51B847D61C273D8300D4BDE6 /* pdf.plist in Resources */ = {isa = PBXBuildFile; fileRef = 51B847821C273D8300D4BDE6 /* pdf.plist */; };
		51B847D71C273D8300D4BDE6 /* perl.plist in Resources */ = {isa = PBXBuildFile; fileRef = 51B847831C273D8300D4BDE6 /* perl.plist */; };
		51B847D81C273D8300D4BDE6 /* php.plist in Resources */ = {isa = PBXBuildFile; fileRef = 51B847841C273D8300D4BDE6 /* php.plist */; };
		51B847D91C273D8300D4BDE6 /* plist.plist in Resources */ = {isa = PBXBuildFile; fileRef = 51B847851C273D8300D4BDE6 /* plist.plist */; };
		51B847DA1C273D8300D4BDE6 /* postscript.plist in Resources */ = {isa = PBXBuildFile; fileRef = 51B847861C273D8300D4BDE6 /* postscript.plist */; };
		51B847DB1C273D8300D4BDE6 /* prolog.plist in Resources */ = {isa = PBXBuildFile; fileRef = 51B847871C273D8300D4BDE6 /* prolog.plist */; };
		51B847DC1C273D8300D4BDE6 /* python.plist in Resources */ = {isa = PBXBuildFile; fileRef = 51B847881C273D8300D4BDE6 /* python.plist */; };
		51B847DD1C273D8300D4BDE6 /* r.plist in Resources */ = {isa = PBXBuildFile; fileRef = 51B847891C273D8300D4BDE6 /* r.plist */; };
		51B847DE1C273D8300D4BDE6 /* rhtml.plist in Resources */ = {isa = PBXBuildFile; fileRef = 51B8478A1C273D8300D4BDE6 /* rhtml.plist */; };
		51B847DF1C273D8300D4BDE6 /* ruby.plist in Resources */ = {isa = PBXBuildFile; fileRef = 51B8478B1C273D8300D4BDE6 /* ruby.plist */; };
		51B847E01C273D8300D4BDE6 /* scala.plist in Resources */ = {isa = PBXBuildFile; fileRef = 51B8478C1C273D8300D4BDE6 /* scala.plist */; };
		51B847E11C273D8300D4BDE6 /* sgml.plist in Resources */ = {isa = PBXBuildFile; fileRef = 51B8478D1C273D8300D4BDE6 /* sgml.plist */; };
		51B847E21C273D8300D4BDE6 /* shell.plist in Resources */ = {isa = PBXBuildFile; fileRef = 51B8478E1C273D8300D4BDE6 /* shell.plist */; };
		51B847E31C273D8300D4BDE6 /* sml.plist in Resources */ = {isa = PBXBuildFile; fileRef = 51B8478F1C273D8300D4BDE6 /* sml.plist */; };
		51B847E41C273D8300D4BDE6 /* sql.plist in Resources */ = {isa = PBXBuildFile; fileRef = 51B847901C273D8300D4BDE6 /* sql.plist */; };
		51B847E51C273D8300D4BDE6 /* standard.plist in Resources */ = {isa = PBXBuildFile; fileRef = 51B847911C273D8300D4BDE6 /* standard.plist */; };
		51B847E61C273D8300D4BDE6 /* stata.plist in Resources */ = {isa = PBXBuildFile; fileRef = 51B847921C273D8300D4BDE6 /* stata.plist */; };
		51B847E71C273D8300D4BDE6 /* supercollider.plist in Resources */ = {isa = PBXBuildFile; fileRef = 51B847931C273D8300D4BDE6 /* supercollider.plist */; };
		51B847E81C273D8300D4BDE6 /* tcltk.plist in Resources */ = {isa = PBXBuildFile; fileRef = 51B847941C273D8300D4BDE6 /* tcltk.plist */; };
		51B847E91C273D8300D4BDE6 /* template.plist in Resources */ = {isa = PBXBuildFile; fileRef = 51B847951C273D8300D4BDE6 /* template.plist */; };
		51B847EA1C273D8300D4BDE6 /* torquescript.plist in Resources */ = {isa = PBXBuildFile; fileRef = 51B847961C273D8300D4BDE6 /* torquescript.plist */; };
		51B847EB1C273D8300D4BDE6 /* udo.plist in Resources */ = {isa = PBXBuildFile; fileRef = 51B847971C273D8300D4BDE6 /* udo.plist */; };
		51B847EC1C273D8300D4BDE6 /* vb.plist in Resources */ = {isa = PBXBuildFile; fileRef = 51B847981C273D8300D4BDE6 /* vb.plist */; };
		51B847ED1C273D8300D4BDE6 /* verilog.plist in Resources */ = {isa = PBXBuildFile; fileRef = 51B847991C273D8300D4BDE6 /* verilog.plist */; };
		51B847EE1C273D8300D4BDE6 /* vhdl.plist in Resources */ = {isa = PBXBuildFile; fileRef = 51B8479A1C273D8300D4BDE6 /* vhdl.plist */; };
		51B847EF1C273D8300D4BDE6 /* xml.plist in Resources */ = {isa = PBXBuildFile; fileRef = 51B8479B1C273D8300D4BDE6 /* xml.plist */; };
		51BEF5131C05390B0095112B /* TabViewController.swift in Sources */ = {isa = PBXBuildFile; fileRef = 51BEF5121C05390B0095112B /* TabViewController.swift */; };
		51BEF5151C0539520095112B /* LoginViewController.swift in Sources */ = {isa = PBXBuildFile; fileRef = 51BEF5141C0539520095112B /* LoginViewController.swift */; };
		51F03D221C2375A2001C4E76 /* NoteEditViewController.swift in Sources */ = {isa = PBXBuildFile; fileRef = 51F03D211C2375A2001C4E76 /* NoteEditViewController.swift */; };
		51FF73311C24DAC0003A356C /* Syntaxes.swift in Sources */ = {isa = PBXBuildFile; fileRef = 51FF73301C24DAC0003A356C /* Syntaxes.swift */; };
		51FF73331C24DB52003A356C /* Theme.swift in Sources */ = {isa = PBXBuildFile; fileRef = 51FF73321C24DB52003A356C /* Theme.swift */; };
/* End PBXBuildFile section */

/* Begin PBXFileReference section */
		267AADCA07CAD607E96E6791 /* Pods.release.xcconfig */ = {isa = PBXFileReference; includeInIndex = 1; lastKnownFileType = text.xcconfig; name = Pods.release.xcconfig; path = "Pods/Target Support Files/Pods/Pods.release.xcconfig"; sourceTree = "<group>"; };
		515676A61C053742008D3347 /* Blue Notes.app */ = {isa = PBXFileReference; explicitFileType = wrapper.application; includeInIndex = 0; path = "Blue Notes.app"; sourceTree = BUILT_PRODUCTS_DIR; };
		515676A91C053742008D3347 /* AppDelegate.swift */ = {isa = PBXFileReference; lastKnownFileType = sourcecode.swift; path = AppDelegate.swift; sourceTree = "<group>"; };
		515676AB1C053742008D3347 /* BrowseFolderController.swift */ = {isa = PBXFileReference; lastKnownFileType = sourcecode.swift; path = BrowseFolderController.swift; sourceTree = "<group>"; };
		515676AD1C053742008D3347 /* SettingsViewController.swift */ = {isa = PBXFileReference; lastKnownFileType = sourcecode.swift; path = SettingsViewController.swift; sourceTree = "<group>"; };
		515676B71C053742008D3347 /* Info.plist */ = {isa = PBXFileReference; lastKnownFileType = text.plist.xml; path = Info.plist; sourceTree = "<group>"; };
		51985F9C1C248E2A00E1B86E /* Assets.xcassets */ = {isa = PBXFileReference; lastKnownFileType = folder.assetcatalog; path = Assets.xcassets; sourceTree = "<group>"; };
		51985FA31C24A9C100E1B86E /* FiraCode-Regular.otf */ = {isa = PBXFileReference; lastKnownFileType = file; path = "FiraCode-Regular.otf"; sourceTree = "<group>"; };
		51B846901C24E5B700D4BDE6 /* FiraCode-Bold.otf */ = {isa = PBXFileReference; lastKnownFileType = file; path = "FiraCode-Bold.otf"; sourceTree = "<group>"; };
		51B846911C24E5B700D4BDE6 /* FiraCode-Medium.otf */ = {isa = PBXFileReference; lastKnownFileType = file; path = "FiraCode-Medium.otf"; sourceTree = "<group>"; };
		51B8473E1C272D3400D4BDE6 /* document.png */ = {isa = PBXFileReference; lastKnownFileType = image.png; path = document.png; sourceTree = "<group>"; };
		51B8473F1C272D3400D4BDE6 /* folder.png */ = {isa = PBXFileReference; lastKnownFileType = image.png; path = folder.png; sourceTree = "<group>"; };
		51B847401C272D3400D4BDE6 /* settings.png */ = {isa = PBXFileReference; lastKnownFileType = image.png; path = settings.png; sourceTree = "<group>"; };
		51B847451C272E9F00D4BDE6 /* UIImage_Resize.swift */ = {isa = PBXFileReference; fileEncoding = 4; lastKnownFileType = sourcecode.swift; path = UIImage_Resize.swift; sourceTree = "<group>"; };
		51B847481C273D8300D4BDE6 /* actionscript.plist */ = {isa = PBXFileReference; fileEncoding = 4; lastKnownFileType = text.plist.xml; path = actionscript.plist; sourceTree = "<group>"; };
		51B847491C273D8300D4BDE6 /* actionscript3.plist */ = {isa = PBXFileReference; fileEncoding = 4; lastKnownFileType = text.plist.xml; path = actionscript3.plist; sourceTree = "<group>"; };
		51B8474A1C273D8300D4BDE6 /* active4d.plist */ = {isa = PBXFileReference; fileEncoding = 4; lastKnownFileType = text.plist.xml; path = active4d.plist; sourceTree = "<group>"; };
		51B8474B1C273D8300D4BDE6 /* ada.plist */ = {isa = PBXFileReference; fileEncoding = 4; lastKnownFileType = text.plist.xml; path = ada.plist; sourceTree = "<group>"; };
		51B8474C1C273D8300D4BDE6 /* ampl.plist */ = {isa = PBXFileReference; fileEncoding = 4; lastKnownFileType = text.plist.xml; path = ampl.plist; sourceTree = "<group>"; };
		51B8474D1C273D8300D4BDE6 /* apache.plist */ = {isa = PBXFileReference; fileEncoding = 4; lastKnownFileType = text.plist.xml; path = apache.plist; sourceTree = "<group>"; };
		51B8474E1C273D8300D4BDE6 /* applescript.plist */ = {isa = PBXFileReference; fileEncoding = 4; lastKnownFileType = text.plist.xml; path = applescript.plist; sourceTree = "<group>"; };
		51B8474F1C273D8300D4BDE6 /* asm-mips.plist */ = {isa = PBXFileReference; fileEncoding = 4; lastKnownFileType = text.plist.xml; path = "asm-mips.plist"; sourceTree = "<group>"; };
		51B847501C273D8300D4BDE6 /* asm-x86.plist */ = {isa = PBXFileReference; fileEncoding = 4; lastKnownFileType = text.plist.xml; path = "asm-x86.plist"; sourceTree = "<group>"; };
		51B847511C273D8300D4BDE6 /* asp-js.plist */ = {isa = PBXFileReference; fileEncoding = 4; lastKnownFileType = text.plist.xml; path = "asp-js.plist"; sourceTree = "<group>"; };
		51B847521C273D8300D4BDE6 /* asp-vb.plist */ = {isa = PBXFileReference; fileEncoding = 4; lastKnownFileType = text.plist.xml; path = "asp-vb.plist"; sourceTree = "<group>"; };
		51B847531C273D8300D4BDE6 /* aspdotnet-cs.plist */ = {isa = PBXFileReference; fileEncoding = 4; lastKnownFileType = text.plist.xml; path = "aspdotnet-cs.plist"; sourceTree = "<group>"; };
		51B847541C273D8300D4BDE6 /* aspdotnet-vb.plist */ = {isa = PBXFileReference; fileEncoding = 4; lastKnownFileType = text.plist.xml; path = "aspdotnet-vb.plist"; sourceTree = "<group>"; };
		51B847551C273D8300D4BDE6 /* awk.plist */ = {isa = PBXFileReference; fileEncoding = 4; lastKnownFileType = text.plist.xml; path = awk.plist; sourceTree = "<group>"; };
		51B847561C273D8300D4BDE6 /* batch.plist */ = {isa = PBXFileReference; fileEncoding = 4; lastKnownFileType = text.plist.xml; path = batch.plist; sourceTree = "<group>"; };
		51B847571C273D8300D4BDE6 /* c.plist */ = {isa = PBXFileReference; fileEncoding = 4; lastKnownFileType = text.plist.xml; path = c.plist; sourceTree = "<group>"; };
		51B847581C273D8300D4BDE6 /* cobol.plist */ = {isa = PBXFileReference; fileEncoding = 4; lastKnownFileType = text.plist.xml; path = cobol.plist; sourceTree = "<group>"; };
		51B847591C273D8300D4BDE6 /* coldfusion.plist */ = {isa = PBXFileReference; fileEncoding = 4; lastKnownFileType = text.plist.xml; path = coldfusion.plist; sourceTree = "<group>"; };
		51B8475A1C273D8300D4BDE6 /* cpp.plist */ = {isa = PBXFileReference; fileEncoding = 4; lastKnownFileType = text.plist.xml; path = cpp.plist; sourceTree = "<group>"; };
		51B8475B1C273D8300D4BDE6 /* csharp.plist */ = {isa = PBXFileReference; fileEncoding = 4; lastKnownFileType = text.plist.xml; path = csharp.plist; sourceTree = "<group>"; };
		51B8475C1C273D8300D4BDE6 /* csound.plist */ = {isa = PBXFileReference; fileEncoding = 4; lastKnownFileType = text.plist.xml; path = csound.plist; sourceTree = "<group>"; };
		51B8475D1C273D8300D4BDE6 /* css.plist */ = {isa = PBXFileReference; fileEncoding = 4; lastKnownFileType = text.plist.xml; path = css.plist; sourceTree = "<group>"; };
		51B8475E1C273D8300D4BDE6 /* d.plist */ = {isa = PBXFileReference; fileEncoding = 4; lastKnownFileType = text.plist.xml; path = d.plist; sourceTree = "<group>"; };
		51B8475F1C273D8300D4BDE6 /* dylan.plist */ = {isa = PBXFileReference; fileEncoding = 4; lastKnownFileType = text.plist.xml; path = dylan.plist; sourceTree = "<group>"; };
		51B847601C273D8300D4BDE6 /* eiffel.plist */ = {isa = PBXFileReference; fileEncoding = 4; lastKnownFileType = text.plist.xml; path = eiffel.plist; sourceTree = "<group>"; };
		51B847611C273D8300D4BDE6 /* erl.plist */ = {isa = PBXFileReference; fileEncoding = 4; lastKnownFileType = text.plist.xml; path = erl.plist; sourceTree = "<group>"; };
		51B847621C273D8300D4BDE6 /* eztpl.plist */ = {isa = PBXFileReference; fileEncoding = 4; lastKnownFileType = text.plist.xml; path = eztpl.plist; sourceTree = "<group>"; };
		51B847631C273D8300D4BDE6 /* fortran.plist */ = {isa = PBXFileReference; fileEncoding = 4; lastKnownFileType = text.plist.xml; path = fortran.plist; sourceTree = "<group>"; };
		51B847641C273D8300D4BDE6 /* freefem.plist */ = {isa = PBXFileReference; fileEncoding = 4; lastKnownFileType = text.plist.xml; path = freefem.plist; sourceTree = "<group>"; };
		51B847651C273D8300D4BDE6 /* gedcom.plist */ = {isa = PBXFileReference; fileEncoding = 4; lastKnownFileType = text.plist.xml; path = gedcom.plist; sourceTree = "<group>"; };
		51B847661C273D8300D4BDE6 /* gnuassembler.plist */ = {isa = PBXFileReference; fileEncoding = 4; lastKnownFileType = text.plist.xml; path = gnuassembler.plist; sourceTree = "<group>"; };
		51B847671C273D8300D4BDE6 /* haskell.plist */ = {isa = PBXFileReference; fileEncoding = 4; lastKnownFileType = text.plist.xml; path = haskell.plist; sourceTree = "<group>"; };
		51B847681C273D8300D4BDE6 /* header.plist */ = {isa = PBXFileReference; fileEncoding = 4; lastKnownFileType = text.plist.xml; path = header.plist; sourceTree = "<group>"; };
		51B847691C273D8300D4BDE6 /* html.plist */ = {isa = PBXFileReference; fileEncoding = 4; lastKnownFileType = text.plist.xml; path = html.plist; sourceTree = "<group>"; };
		51B8476A1C273D8300D4BDE6 /* idl.plist */ = {isa = PBXFileReference; fileEncoding = 4; lastKnownFileType = text.plist.xml; path = idl.plist; sourceTree = "<group>"; };
		51B8476B1C273D8300D4BDE6 /* java.plist */ = {isa = PBXFileReference; fileEncoding = 4; lastKnownFileType = text.plist.xml; path = java.plist; sourceTree = "<group>"; };
		51B8476C1C273D8300D4BDE6 /* javafx.plist */ = {isa = PBXFileReference; fileEncoding = 4; lastKnownFileType = text.plist.xml; path = javafx.plist; sourceTree = "<group>"; };
		51B8476D1C273D8300D4BDE6 /* javascript.plist */ = {isa = PBXFileReference; fileEncoding = 4; lastKnownFileType = text.plist.xml; path = javascript.plist; sourceTree = "<group>"; };
		51B8476E1C273D8300D4BDE6 /* jsp.plist */ = {isa = PBXFileReference; fileEncoding = 4; lastKnownFileType = text.plist.xml; path = jsp.plist; sourceTree = "<group>"; };
		51B8476F1C273D8300D4BDE6 /* latex.plist */ = {isa = PBXFileReference; fileEncoding = 4; lastKnownFileType = text.plist.xml; path = latex.plist; sourceTree = "<group>"; };
		51B847701C273D8300D4BDE6 /* lilypond.plist */ = {isa = PBXFileReference; fileEncoding = 4; lastKnownFileType = text.plist.xml; path = lilypond.plist; sourceTree = "<group>"; };
		51B847711C273D8300D4BDE6 /* lisp.plist */ = {isa = PBXFileReference; fileEncoding = 4; lastKnownFileType = text.plist.xml; path = lisp.plist; sourceTree = "<group>"; };
		51B847721C273D8300D4BDE6 /* logtalk.plist */ = {isa = PBXFileReference; fileEncoding = 4; lastKnownFileType = text.plist.xml; path = logtalk.plist; sourceTree = "<group>"; };
		51B847731C273D8300D4BDE6 /* lsl.plist */ = {isa = PBXFileReference; fileEncoding = 4; lastKnownFileType = text.plist.xml; path = lsl.plist; sourceTree = "<group>"; };
		51B847741C273D8300D4BDE6 /* lua.plist */ = {isa = PBXFileReference; fileEncoding = 4; lastKnownFileType = text.plist.xml; path = lua.plist; sourceTree = "<group>"; };
		51B847751C273D8300D4BDE6 /* markdown.plist */ = {isa = PBXFileReference; fileEncoding = 4; lastKnownFileType = text.plist.xml; path = markdown.plist; sourceTree = "<group>"; };
		51B847761C273D8300D4BDE6 /* matlab.plist */ = {isa = PBXFileReference; fileEncoding = 4; lastKnownFileType = text.plist.xml; path = matlab.plist; sourceTree = "<group>"; };
		51B847771C273D8300D4BDE6 /* mel.plist */ = {isa = PBXFileReference; fileEncoding = 4; lastKnownFileType = text.plist.xml; path = mel.plist; sourceTree = "<group>"; };
		51B847781C273D8300D4BDE6 /* metapost.plist */ = {isa = PBXFileReference; fileEncoding = 4; lastKnownFileType = text.plist.xml; path = metapost.plist; sourceTree = "<group>"; };
		51B847791C273D8300D4BDE6 /* metaslang.plist */ = {isa = PBXFileReference; fileEncoding = 4; lastKnownFileType = text.plist.xml; path = metaslang.plist; sourceTree = "<group>"; };
		51B8477A1C273D8300D4BDE6 /* mysql.plist */ = {isa = PBXFileReference; fileEncoding = 4; lastKnownFileType = text.plist.xml; path = mysql.plist; sourceTree = "<group>"; };
		51B8477B1C273D8300D4BDE6 /* nemerle.plist */ = {isa = PBXFileReference; fileEncoding = 4; lastKnownFileType = text.plist.xml; path = nemerle.plist; sourceTree = "<group>"; };
		51B8477C1C273D8300D4BDE6 /* none.plist */ = {isa = PBXFileReference; fileEncoding = 4; lastKnownFileType = text.plist.xml; path = none.plist; sourceTree = "<group>"; };
		51B8477D1C273D8300D4BDE6 /* nrnhoc.plist */ = {isa = PBXFileReference; fileEncoding = 4; lastKnownFileType = text.plist.xml; path = nrnhoc.plist; sourceTree = "<group>"; };
		51B8477E1C273D8300D4BDE6 /* objectivec.plist */ = {isa = PBXFileReference; fileEncoding = 4; lastKnownFileType = text.plist.xml; path = objectivec.plist; sourceTree = "<group>"; };
		51B8477F1C273D8300D4BDE6 /* objectivecaml.plist */ = {isa = PBXFileReference; fileEncoding = 4; lastKnownFileType = text.plist.xml; path = objectivecaml.plist; sourceTree = "<group>"; };
		51B847801C273D8300D4BDE6 /* ox.plist */ = {isa = PBXFileReference; fileEncoding = 4; lastKnownFileType = text.plist.xml; path = ox.plist; sourceTree = "<group>"; };
		51B847811C273D8300D4BDE6 /* pascal.plist */ = {isa = PBXFileReference; fileEncoding = 4; lastKnownFileType = text.plist.xml; path = pascal.plist; sourceTree = "<group>"; };
		51B847821C273D8300D4BDE6 /* pdf.plist */ = {isa = PBXFileReference; fileEncoding = 4; lastKnownFileType = text.plist.xml; path = pdf.plist; sourceTree = "<group>"; };
		51B847831C273D8300D4BDE6 /* perl.plist */ = {isa = PBXFileReference; fileEncoding = 4; lastKnownFileType = text.plist.xml; path = perl.plist; sourceTree = "<group>"; };
		51B847841C273D8300D4BDE6 /* php.plist */ = {isa = PBXFileReference; fileEncoding = 4; lastKnownFileType = text.plist.xml; path = php.plist; sourceTree = "<group>"; };
		51B847851C273D8300D4BDE6 /* plist.plist */ = {isa = PBXFileReference; fileEncoding = 4; lastKnownFileType = text.plist.xml; path = plist.plist; sourceTree = "<group>"; };
		51B847861C273D8300D4BDE6 /* postscript.plist */ = {isa = PBXFileReference; fileEncoding = 4; lastKnownFileType = text.plist.xml; path = postscript.plist; sourceTree = "<group>"; };
		51B847871C273D8300D4BDE6 /* prolog.plist */ = {isa = PBXFileReference; fileEncoding = 4; lastKnownFileType = text.plist.xml; path = prolog.plist; sourceTree = "<group>"; };
		51B847881C273D8300D4BDE6 /* python.plist */ = {isa = PBXFileReference; fileEncoding = 4; lastKnownFileType = text.plist.xml; path = python.plist; sourceTree = "<group>"; };
		51B847891C273D8300D4BDE6 /* r.plist */ = {isa = PBXFileReference; fileEncoding = 4; lastKnownFileType = text.plist.xml; path = r.plist; sourceTree = "<group>"; };
		51B8478A1C273D8300D4BDE6 /* rhtml.plist */ = {isa = PBXFileReference; fileEncoding = 4; lastKnownFileType = text.plist.xml; path = rhtml.plist; sourceTree = "<group>"; };
		51B8478B1C273D8300D4BDE6 /* ruby.plist */ = {isa = PBXFileReference; fileEncoding = 4; lastKnownFileType = text.plist.xml; path = ruby.plist; sourceTree = "<group>"; };
		51B8478C1C273D8300D4BDE6 /* scala.plist */ = {isa = PBXFileReference; fileEncoding = 4; lastKnownFileType = text.plist.xml; path = scala.plist; sourceTree = "<group>"; };
		51B8478D1C273D8300D4BDE6 /* sgml.plist */ = {isa = PBXFileReference; fileEncoding = 4; lastKnownFileType = text.plist.xml; path = sgml.plist; sourceTree = "<group>"; };
		51B8478E1C273D8300D4BDE6 /* shell.plist */ = {isa = PBXFileReference; fileEncoding = 4; lastKnownFileType = text.plist.xml; path = shell.plist; sourceTree = "<group>"; };
		51B8478F1C273D8300D4BDE6 /* sml.plist */ = {isa = PBXFileReference; fileEncoding = 4; lastKnownFileType = text.plist.xml; path = sml.plist; sourceTree = "<group>"; };
		51B847901C273D8300D4BDE6 /* sql.plist */ = {isa = PBXFileReference; fileEncoding = 4; lastKnownFileType = text.plist.xml; path = sql.plist; sourceTree = "<group>"; };
		51B847911C273D8300D4BDE6 /* standard.plist */ = {isa = PBXFileReference; fileEncoding = 4; lastKnownFileType = text.plist.xml; path = standard.plist; sourceTree = "<group>"; };
		51B847921C273D8300D4BDE6 /* stata.plist */ = {isa = PBXFileReference; fileEncoding = 4; lastKnownFileType = text.plist.xml; path = stata.plist; sourceTree = "<group>"; };
		51B847931C273D8300D4BDE6 /* supercollider.plist */ = {isa = PBXFileReference; fileEncoding = 4; lastKnownFileType = text.plist.xml; path = supercollider.plist; sourceTree = "<group>"; };
		51B847941C273D8300D4BDE6 /* tcltk.plist */ = {isa = PBXFileReference; fileEncoding = 4; lastKnownFileType = text.plist.xml; path = tcltk.plist; sourceTree = "<group>"; };
		51B847951C273D8300D4BDE6 /* template.plist */ = {isa = PBXFileReference; fileEncoding = 4; lastKnownFileType = text.plist.xml; path = template.plist; sourceTree = "<group>"; };
		51B847961C273D8300D4BDE6 /* torquescript.plist */ = {isa = PBXFileReference; fileEncoding = 4; lastKnownFileType = text.plist.xml; path = torquescript.plist; sourceTree = "<group>"; };
		51B847971C273D8300D4BDE6 /* udo.plist */ = {isa = PBXFileReference; fileEncoding = 4; lastKnownFileType = text.plist.xml; path = udo.plist; sourceTree = "<group>"; };
		51B847981C273D8300D4BDE6 /* vb.plist */ = {isa = PBXFileReference; fileEncoding = 4; lastKnownFileType = text.plist.xml; path = vb.plist; sourceTree = "<group>"; };
		51B847991C273D8300D4BDE6 /* verilog.plist */ = {isa = PBXFileReference; fileEncoding = 4; lastKnownFileType = text.plist.xml; path = verilog.plist; sourceTree = "<group>"; };
		51B8479A1C273D8300D4BDE6 /* vhdl.plist */ = {isa = PBXFileReference; fileEncoding = 4; lastKnownFileType = text.plist.xml; path = vhdl.plist; sourceTree = "<group>"; };
		51B8479B1C273D8300D4BDE6 /* xml.plist */ = {isa = PBXFileReference; fileEncoding = 4; lastKnownFileType = text.plist.xml; path = xml.plist; sourceTree = "<group>"; };
		51BEF5121C05390B0095112B /* TabViewController.swift */ = {isa = PBXFileReference; fileEncoding = 4; lastKnownFileType = sourcecode.swift; path = TabViewController.swift; sourceTree = "<group>"; };
		51BEF5141C0539520095112B /* LoginViewController.swift */ = {isa = PBXFileReference; fileEncoding = 4; lastKnownFileType = sourcecode.swift; path = LoginViewController.swift; sourceTree = "<group>"; };
		51F03D211C2375A2001C4E76 /* NoteEditViewController.swift */ = {isa = PBXFileReference; fileEncoding = 4; lastKnownFileType = sourcecode.swift; path = NoteEditViewController.swift; sourceTree = "<group>"; };
		51F03D241C248432001C4E76 /* Keys.xcconfig */ = {isa = PBXFileReference; lastKnownFileType = text.xcconfig; path = Keys.xcconfig; sourceTree = "<group>"; };
		51FF73301C24DAC0003A356C /* Syntaxes.swift */ = {isa = PBXFileReference; fileEncoding = 4; lastKnownFileType = sourcecode.swift; path = Syntaxes.swift; sourceTree = "<group>"; };
		51FF73321C24DB52003A356C /* Theme.swift */ = {isa = PBXFileReference; fileEncoding = 4; lastKnownFileType = sourcecode.swift; path = Theme.swift; sourceTree = "<group>"; };
		BB01830F14FAB186B491B6AF /* Pods.debug.xcconfig */ = {isa = PBXFileReference; includeInIndex = 1; lastKnownFileType = text.xcconfig; name = Pods.debug.xcconfig; path = "Pods/Target Support Files/Pods/Pods.debug.xcconfig"; sourceTree = "<group>"; };
		C21BEDBBD4B9621C90B092F7 /* Pods.framework */ = {isa = PBXFileReference; explicitFileType = wrapper.framework; includeInIndex = 0; path = Pods.framework; sourceTree = BUILT_PRODUCTS_DIR; };
/* End PBXFileReference section */

/* Begin PBXFrameworksBuildPhase section */
		515676A31C053742008D3347 /* Frameworks */ = {
			isa = PBXFrameworksBuildPhase;
			buildActionMask = 2147483647;
			files = (
				245B76E6C7A2928589DB7249 /* Pods.framework in Frameworks */,
			);
			runOnlyForDeploymentPostprocessing = 0;
		};
/* End PBXFrameworksBuildPhase section */

/* Begin PBXGroup section */
		34D330A7203EC5C2D708439A /* Pods */ = {
			isa = PBXGroup;
			children = (
				BB01830F14FAB186B491B6AF /* Pods.debug.xcconfig */,
				267AADCA07CAD607E96E6791 /* Pods.release.xcconfig */,
			);
			name = Pods;
			sourceTree = "<group>";
		};
		5156769D1C053742008D3347 = {
			isa = PBXGroup;
			children = (
				51F03D231C2483DC001C4E76 /* Config */,
				515676A81C053742008D3347 /* Blue Notes */,
				515676A71C053742008D3347 /* Products */,
				34D330A7203EC5C2D708439A /* Pods */,
				C7B98A6301B7459CACB133FA /* Frameworks */,
			);
			sourceTree = "<group>";
		};
		515676A71C053742008D3347 /* Products */ = {
			isa = PBXGroup;
			children = (
				515676A61C053742008D3347 /* Blue Notes.app */,
			);
			name = Products;
			sourceTree = "<group>";
		};
		515676A81C053742008D3347 /* Blue Notes */ = {
			isa = PBXGroup;
			children = (
				51985FA11C24A9C100E1B86E /* Assets */,
				515676A91C053742008D3347 /* AppDelegate.swift */,
				515676AB1C053742008D3347 /* BrowseFolderController.swift */,
				515676AD1C053742008D3347 /* SettingsViewController.swift */,
				51985F9C1C248E2A00E1B86E /* Assets.xcassets */,
				515676B71C053742008D3347 /* Info.plist */,
				51BEF5121C05390B0095112B /* TabViewController.swift */,
				51BEF5141C0539520095112B /* LoginViewController.swift */,
				51F03D211C2375A2001C4E76 /* NoteEditViewController.swift */,
				51FF73321C24DB52003A356C /* Theme.swift */,
				51FF73301C24DAC0003A356C /* Syntaxes.swift */,
				51B847451C272E9F00D4BDE6 /* UIImage_Resize.swift */,
			);
			path = "Blue Notes";
			sourceTree = "<group>";
		};
		51985FA11C24A9C100E1B86E /* Assets */ = {
			isa = PBXGroup;
			children = (
				51B847471C273D8300D4BDE6 /* Syntax Definitions */,
				51B8473D1C272D3400D4BDE6 /* Icons */,
				51985FA21C24A9C100E1B86E /* Fonts */,
			);
			path = Assets;
			sourceTree = "<group>";
		};
		51985FA21C24A9C100E1B86E /* Fonts */ = {
			isa = PBXGroup;
			children = (
				51985FA31C24A9C100E1B86E /* FiraCode-Regular.otf */,
				51B846901C24E5B700D4BDE6 /* FiraCode-Bold.otf */,
				51B846911C24E5B700D4BDE6 /* FiraCode-Medium.otf */,
			);
			path = Fonts;
			sourceTree = "<group>";
		};
		51B8473D1C272D3400D4BDE6 /* Icons */ = {
			isa = PBXGroup;
			children = (
				51B8473E1C272D3400D4BDE6 /* document.png */,
				51B8473F1C272D3400D4BDE6 /* folder.png */,
				51B847401C272D3400D4BDE6 /* settings.png */,
			);
			path = Icons;
			sourceTree = "<group>";
		};
		51B847471C273D8300D4BDE6 /* Syntax Definitions */ = {
			isa = PBXGroup;
			children = (
				51B847481C273D8300D4BDE6 /* actionscript.plist */,
				51B847491C273D8300D4BDE6 /* actionscript3.plist */,
				51B8474A1C273D8300D4BDE6 /* active4d.plist */,
				51B8474B1C273D8300D4BDE6 /* ada.plist */,
				51B8474C1C273D8300D4BDE6 /* ampl.plist */,
				51B8474D1C273D8300D4BDE6 /* apache.plist */,
				51B8474E1C273D8300D4BDE6 /* applescript.plist */,
				51B8474F1C273D8300D4BDE6 /* asm-mips.plist */,
				51B847501C273D8300D4BDE6 /* asm-x86.plist */,
				51B847511C273D8300D4BDE6 /* asp-js.plist */,
				51B847521C273D8300D4BDE6 /* asp-vb.plist */,
				51B847531C273D8300D4BDE6 /* aspdotnet-cs.plist */,
				51B847541C273D8300D4BDE6 /* aspdotnet-vb.plist */,
				51B847551C273D8300D4BDE6 /* awk.plist */,
				51B847561C273D8300D4BDE6 /* batch.plist */,
				51B847571C273D8300D4BDE6 /* c.plist */,
				51B847581C273D8300D4BDE6 /* cobol.plist */,
				51B847591C273D8300D4BDE6 /* coldfusion.plist */,
				51B8475A1C273D8300D4BDE6 /* cpp.plist */,
				51B8475B1C273D8300D4BDE6 /* csharp.plist */,
				51B8475C1C273D8300D4BDE6 /* csound.plist */,
				51B8475D1C273D8300D4BDE6 /* css.plist */,
				51B8475E1C273D8300D4BDE6 /* d.plist */,
				51B8475F1C273D8300D4BDE6 /* dylan.plist */,
				51B847601C273D8300D4BDE6 /* eiffel.plist */,
				51B847611C273D8300D4BDE6 /* erl.plist */,
				51B847621C273D8300D4BDE6 /* eztpl.plist */,
				51B847631C273D8300D4BDE6 /* fortran.plist */,
				51B847641C273D8300D4BDE6 /* freefem.plist */,
				51B847651C273D8300D4BDE6 /* gedcom.plist */,
				51B847661C273D8300D4BDE6 /* gnuassembler.plist */,
				51B847671C273D8300D4BDE6 /* haskell.plist */,
				51B847681C273D8300D4BDE6 /* header.plist */,
				51B847691C273D8300D4BDE6 /* html.plist */,
				51B8476A1C273D8300D4BDE6 /* idl.plist */,
				51B8476B1C273D8300D4BDE6 /* java.plist */,
				51B8476C1C273D8300D4BDE6 /* javafx.plist */,
				51B8476D1C273D8300D4BDE6 /* javascript.plist */,
				51B8476E1C273D8300D4BDE6 /* jsp.plist */,
				51B8476F1C273D8300D4BDE6 /* latex.plist */,
				51B847701C273D8300D4BDE6 /* lilypond.plist */,
				51B847711C273D8300D4BDE6 /* lisp.plist */,
				51B847721C273D8300D4BDE6 /* logtalk.plist */,
				51B847731C273D8300D4BDE6 /* lsl.plist */,
				51B847741C273D8300D4BDE6 /* lua.plist */,
				51B847751C273D8300D4BDE6 /* markdown.plist */,
				51B847761C273D8300D4BDE6 /* matlab.plist */,
				51B847771C273D8300D4BDE6 /* mel.plist */,
				51B847781C273D8300D4BDE6 /* metapost.plist */,
				51B847791C273D8300D4BDE6 /* metaslang.plist */,
				51B8477A1C273D8300D4BDE6 /* mysql.plist */,
				51B8477B1C273D8300D4BDE6 /* nemerle.plist */,
				51B8477C1C273D8300D4BDE6 /* none.plist */,
				51B8477D1C273D8300D4BDE6 /* nrnhoc.plist */,
				51B8477E1C273D8300D4BDE6 /* objectivec.plist */,
				51B8477F1C273D8300D4BDE6 /* objectivecaml.plist */,
				51B847801C273D8300D4BDE6 /* ox.plist */,
				51B847811C273D8300D4BDE6 /* pascal.plist */,
				51B847821C273D8300D4BDE6 /* pdf.plist */,
				51B847831C273D8300D4BDE6 /* perl.plist */,
				51B847841C273D8300D4BDE6 /* php.plist */,
				51B847851C273D8300D4BDE6 /* plist.plist */,
				51B847861C273D8300D4BDE6 /* postscript.plist */,
				51B847871C273D8300D4BDE6 /* prolog.plist */,
				51B847881C273D8300D4BDE6 /* python.plist */,
				51B847891C273D8300D4BDE6 /* r.plist */,
				51B8478A1C273D8300D4BDE6 /* rhtml.plist */,
				51B8478B1C273D8300D4BDE6 /* ruby.plist */,
				51B8478C1C273D8300D4BDE6 /* scala.plist */,
				51B8478D1C273D8300D4BDE6 /* sgml.plist */,
				51B8478E1C273D8300D4BDE6 /* shell.plist */,
				51B8478F1C273D8300D4BDE6 /* sml.plist */,
				51B847901C273D8300D4BDE6 /* sql.plist */,
				51B847911C273D8300D4BDE6 /* standard.plist */,
				51B847921C273D8300D4BDE6 /* stata.plist */,
				51B847931C273D8300D4BDE6 /* supercollider.plist */,
				51B847941C273D8300D4BDE6 /* tcltk.plist */,
				51B847951C273D8300D4BDE6 /* template.plist */,
				51B847961C273D8300D4BDE6 /* torquescript.plist */,
				51B847971C273D8300D4BDE6 /* udo.plist */,
				51B847981C273D8300D4BDE6 /* vb.plist */,
				51B847991C273D8300D4BDE6 /* verilog.plist */,
				51B8479A1C273D8300D4BDE6 /* vhdl.plist */,
				51B8479B1C273D8300D4BDE6 /* xml.plist */,
			);
			path = "Syntax Definitions";
			sourceTree = "<group>";
		};
		51F03D231C2483DC001C4E76 /* Config */ = {
			isa = PBXGroup;
			children = (
				51F03D241C248432001C4E76 /* Keys.xcconfig */,
			);
			path = Config;
			sourceTree = "<group>";
		};
		C7B98A6301B7459CACB133FA /* Frameworks */ = {
			isa = PBXGroup;
			children = (
				C21BEDBBD4B9621C90B092F7 /* Pods.framework */,
			);
			name = Frameworks;
			sourceTree = "<group>";
		};
/* End PBXGroup section */

/* Begin PBXNativeTarget section */
		515676A51C053742008D3347 /* Blue Notes */ = {
			isa = PBXNativeTarget;
			buildConfigurationList = 515676BA1C053742008D3347 /* Build configuration list for PBXNativeTarget "Blue Notes" */;
			buildPhases = (
				F6E24C082145869C4A9FDA69 /* Check Pods Manifest.lock */,
				515676A21C053742008D3347 /* Sources */,
				515676A31C053742008D3347 /* Frameworks */,
				515676A41C053742008D3347 /* Resources */,
				345125FEFD500B7065E6F616 /* Embed Pods Frameworks */,
				D651F9EA4C73C5B6668FDF6E /* Copy Pods Resources */,
			);
			buildRules = (
			);
			dependencies = (
			);
			name = "Blue Notes";
			productName = "Blue Notes";
			productReference = 515676A61C053742008D3347 /* Blue Notes.app */;
			productType = "com.apple.product-type.application";
		};
/* End PBXNativeTarget section */

/* Begin PBXProject section */
		5156769E1C053742008D3347 /* Project object */ = {
			isa = PBXProject;
			attributes = {
				LastSwiftUpdateCheck = 0710;
				LastUpgradeCheck = 0710;
				ORGANIZATIONNAME = "Arnaud Ferreri";
				TargetAttributes = {
					515676A51C053742008D3347 = {
						CreatedOnToolsVersion = 7.1.1;
						DevelopmentTeam = GNW53XXZ9G;
					};
				};
			};
			buildConfigurationList = 515676A11C053742008D3347 /* Build configuration list for PBXProject "Blue Notes" */;
			compatibilityVersion = "Xcode 3.2";
			developmentRegion = English;
			hasScannedForEncodings = 0;
			knownRegions = (
				en,
				Base,
			);
			mainGroup = 5156769D1C053742008D3347;
			productRefGroup = 515676A71C053742008D3347 /* Products */;
			projectDirPath = "";
			projectRoot = "";
			targets = (
				515676A51C053742008D3347 /* Blue Notes */,
			);
		};
/* End PBXProject section */

/* Begin PBXResourcesBuildPhase section */
		515676A41C053742008D3347 /* Resources */ = {
			isa = PBXResourcesBuildPhase;
			buildActionMask = 2147483647;
			files = (
				51B847DE1C273D8300D4BDE6 /* rhtml.plist in Resources */,
				51B847DC1C273D8300D4BDE6 /* python.plist in Resources */,
				51B847D91C273D8300D4BDE6 /* plist.plist in Resources */,
				51B847E41C273D8300D4BDE6 /* sql.plist in Resources */,
				51B847AD1C273D8300D4BDE6 /* coldfusion.plist in Resources */,
				51B847B81C273D8300D4BDE6 /* freefem.plist in Resources */,
				51B847E01C273D8300D4BDE6 /* scala.plist in Resources */,
				51985F9D1C248E2A00E1B86E /* Assets.xcassets in Resources */,
				51B847C41C273D8300D4BDE6 /* lilypond.plist in Resources */,
				51B847B61C273D8300D4BDE6 /* eztpl.plist in Resources */,
				51B847CC1C273D8300D4BDE6 /* metapost.plist in Resources */,
				51B847D21C273D8300D4BDE6 /* objectivec.plist in Resources */,
				51B847C51C273D8300D4BDE6 /* lisp.plist in Resources */,
				51B847411C272D3400D4BDE6 /* document.png in Resources */,
				51B847D41C273D8300D4BDE6 /* ox.plist in Resources */,
				51B847D11C273D8300D4BDE6 /* nrnhoc.plist in Resources */,
				51B847A71C273D8300D4BDE6 /* aspdotnet-cs.plist in Resources */,
				51B847EF1C273D8300D4BDE6 /* xml.plist in Resources */,
				51B847B91C273D8300D4BDE6 /* gedcom.plist in Resources */,
				51B847BC1C273D8300D4BDE6 /* header.plist in Resources */,
				51B847E81C273D8300D4BDE6 /* tcltk.plist in Resources */,
				51B847C71C273D8300D4BDE6 /* lsl.plist in Resources */,
				51B847A81C273D8300D4BDE6 /* aspdotnet-vb.plist in Resources */,
				51B847CE1C273D8300D4BDE6 /* mysql.plist in Resources */,
				51B847A21C273D8300D4BDE6 /* applescript.plist in Resources */,
				51B847C01C273D8300D4BDE6 /* javafx.plist in Resources */,
				51B847E61C273D8300D4BDE6 /* stata.plist in Resources */,
				51B8479E1C273D8300D4BDE6 /* active4d.plist in Resources */,
				51B847421C272D3400D4BDE6 /* folder.png in Resources */,
				51B847D51C273D8300D4BDE6 /* pascal.plist in Resources */,
				51B847AB1C273D8300D4BDE6 /* c.plist in Resources */,
				51B847EB1C273D8300D4BDE6 /* udo.plist in Resources */,
				51B847C31C273D8300D4BDE6 /* latex.plist in Resources */,
				51B847CB1C273D8300D4BDE6 /* mel.plist in Resources */,
				51B847BD1C273D8300D4BDE6 /* html.plist in Resources */,
				51B847AA1C273D8300D4BDE6 /* batch.plist in Resources */,
				51B847BF1C273D8300D4BDE6 /* java.plist in Resources */,
				51B847B71C273D8300D4BDE6 /* fortran.plist in Resources */,
				51B847C21C273D8300D4BDE6 /* jsp.plist in Resources */,
				51B847A31C273D8300D4BDE6 /* asm-mips.plist in Resources */,
				51B847B51C273D8300D4BDE6 /* erl.plist in Resources */,
				51B847CA1C273D8300D4BDE6 /* matlab.plist in Resources */,
				51B847C81C273D8300D4BDE6 /* lua.plist in Resources */,
				51B847EC1C273D8300D4BDE6 /* vb.plist in Resources */,
				51B847C11C273D8300D4BDE6 /* javascript.plist in Resources */,
				51B8479D1C273D8300D4BDE6 /* actionscript3.plist in Resources */,
				51B847D31C273D8300D4BDE6 /* objectivecaml.plist in Resources */,
				51B847431C272D3400D4BDE6 /* settings.png in Resources */,
				51B847B31C273D8300D4BDE6 /* dylan.plist in Resources */,
				51B847AC1C273D8300D4BDE6 /* cobol.plist in Resources */,
				51B847AE1C273D8300D4BDE6 /* cpp.plist in Resources */,
				51B847E51C273D8300D4BDE6 /* standard.plist in Resources */,
				51B847DD1C273D8300D4BDE6 /* r.plist in Resources */,
				51B847D01C273D8300D4BDE6 /* none.plist in Resources */,
				51B847A91C273D8300D4BDE6 /* awk.plist in Resources */,
				51B847ED1C273D8300D4BDE6 /* verilog.plist in Resources */,
				51B847D81C273D8300D4BDE6 /* php.plist in Resources */,
				51B847C91C273D8300D4BDE6 /* markdown.plist in Resources */,
				51B847B41C273D8300D4BDE6 /* eiffel.plist in Resources */,
				51B847A01C273D8300D4BDE6 /* ampl.plist in Resources */,
				51B847D71C273D8300D4BDE6 /* perl.plist in Resources */,
				51B847E31C273D8300D4BDE6 /* sml.plist in Resources */,
				51B847C61C273D8300D4BDE6 /* logtalk.plist in Resources */,
				51B847DB1C273D8300D4BDE6 /* prolog.plist in Resources */,
				51B847E71C273D8300D4BDE6 /* supercollider.plist in Resources */,
				51B847BA1C273D8300D4BDE6 /* gnuassembler.plist in Resources */,
				51B847DA1C273D8300D4BDE6 /* postscript.plist in Resources */,
				51B847AF1C273D8300D4BDE6 /* csharp.plist in Resources */,
				51B847A11C273D8300D4BDE6 /* apache.plist in Resources */,
				51B847A51C273D8300D4BDE6 /* asp-js.plist in Resources */,
				51B846931C24E5B700D4BDE6 /* FiraCode-Medium.otf in Resources */,
				51B847B21C273D8300D4BDE6 /* d.plist in Resources */,
				51B847BE1C273D8300D4BDE6 /* idl.plist in Resources */,
				51B847CD1C273D8300D4BDE6 /* metaslang.plist in Resources */,
				51B847E91C273D8300D4BDE6 /* template.plist in Resources */,
				51B847A41C273D8300D4BDE6 /* asm-x86.plist in Resources */,
				51B847B01C273D8300D4BDE6 /* csound.plist in Resources */,
				51B847B11C273D8300D4BDE6 /* css.plist in Resources */,
				51B847A61C273D8300D4BDE6 /* asp-vb.plist in Resources */,
				51B847D61C273D8300D4BDE6 /* pdf.plist in Resources */,
				51B847DF1C273D8300D4BDE6 /* ruby.plist in Resources */,
				51B847EE1C273D8300D4BDE6 /* vhdl.plist in Resources */,
				51985FA61C24A9C100E1B86E /* FiraCode-Regular.otf in Resources */,
				51B847BB1C273D8300D4BDE6 /* haskell.plist in Resources */,
				51B847CF1C273D8300D4BDE6 /* nemerle.plist in Resources */,
				51B846921C24E5B700D4BDE6 /* FiraCode-Bold.otf in Resources */,
				51B847E11C273D8300D4BDE6 /* sgml.plist in Resources */,
				51B847E21C273D8300D4BDE6 /* shell.plist in Resources */,
				51B8479F1C273D8300D4BDE6 /* ada.plist in Resources */,
				51B8479C1C273D8300D4BDE6 /* actionscript.plist in Resources */,
				51B847EA1C273D8300D4BDE6 /* torquescript.plist in Resources */,
			);
			runOnlyForDeploymentPostprocessing = 0;
		};
/* End PBXResourcesBuildPhase section */

/* Begin PBXShellScriptBuildPhase section */
		345125FEFD500B7065E6F616 /* Embed Pods Frameworks */ = {
			isa = PBXShellScriptBuildPhase;
			buildActionMask = 2147483647;
			files = (
			);
			inputPaths = (
			);
			name = "Embed Pods Frameworks";
			outputPaths = (
			);
			runOnlyForDeploymentPostprocessing = 0;
			shellPath = /bin/sh;
			shellScript = "\"${SRCROOT}/Pods/Target Support Files/Pods/Pods-frameworks.sh\"\n";
			showEnvVarsInLog = 0;
		};
		D651F9EA4C73C5B6668FDF6E /* Copy Pods Resources */ = {
			isa = PBXShellScriptBuildPhase;
			buildActionMask = 2147483647;
			files = (
			);
			inputPaths = (
			);
			name = "Copy Pods Resources";
			outputPaths = (
			);
			runOnlyForDeploymentPostprocessing = 0;
			shellPath = /bin/sh;
			shellScript = "\"${SRCROOT}/Pods/Target Support Files/Pods/Pods-resources.sh\"\n";
			showEnvVarsInLog = 0;
		};
		F6E24C082145869C4A9FDA69 /* Check Pods Manifest.lock */ = {
			isa = PBXShellScriptBuildPhase;
			buildActionMask = 2147483647;
			files = (
			);
			inputPaths = (
			);
			name = "Check Pods Manifest.lock";
			outputPaths = (
			);
			runOnlyForDeploymentPostprocessing = 0;
			shellPath = /bin/sh;
			shellScript = "diff \"${PODS_ROOT}/../Podfile.lock\" \"${PODS_ROOT}/Manifest.lock\" > /dev/null\nif [[ $? != 0 ]] ; then\n    cat << EOM\nerror: The sandbox is not in sync with the Podfile.lock. Run 'pod install' or update your CocoaPods installation.\nEOM\n    exit 1\nfi\n";
			showEnvVarsInLog = 0;
		};
/* End PBXShellScriptBuildPhase section */

/* Begin PBXSourcesBuildPhase section */
		515676A21C053742008D3347 /* Sources */ = {
			isa = PBXSourcesBuildPhase;
			buildActionMask = 2147483647;
			files = (
				51F03D221C2375A2001C4E76 /* NoteEditViewController.swift in Sources */,
				51BEF5131C05390B0095112B /* TabViewController.swift in Sources */,
				515676AE1C053742008D3347 /* SettingsViewController.swift in Sources */,
				515676AA1C053742008D3347 /* AppDelegate.swift in Sources */,
				51B847461C272E9F00D4BDE6 /* UIImage_Resize.swift in Sources */,
				51FF73311C24DAC0003A356C /* Syntaxes.swift in Sources */,
				51BEF5151C0539520095112B /* LoginViewController.swift in Sources */,
				51FF73331C24DB52003A356C /* Theme.swift in Sources */,
				515676AC1C053742008D3347 /* BrowseFolderController.swift in Sources */,
			);
			runOnlyForDeploymentPostprocessing = 0;
		};
/* End PBXSourcesBuildPhase section */

/* Begin XCBuildConfiguration section */
		515676B81C053742008D3347 /* Debug */ = {
			isa = XCBuildConfiguration;
			baseConfigurationReference = 51F03D241C248432001C4E76 /* Keys.xcconfig */;
			buildSettings = {
				ALWAYS_SEARCH_USER_PATHS = NO;
				CLANG_CXX_LANGUAGE_STANDARD = "gnu++0x";
				CLANG_CXX_LIBRARY = "libc++";
				CLANG_ENABLE_MODULES = YES;
				CLANG_ENABLE_OBJC_ARC = YES;
				CLANG_WARN_BOOL_CONVERSION = YES;
				CLANG_WARN_CONSTANT_CONVERSION = YES;
				CLANG_WARN_DIRECT_OBJC_ISA_USAGE = YES_ERROR;
				CLANG_WARN_EMPTY_BODY = YES;
				CLANG_WARN_ENUM_CONVERSION = YES;
				CLANG_WARN_INT_CONVERSION = YES;
				CLANG_WARN_OBJC_ROOT_CLASS = YES_ERROR;
				CLANG_WARN_UNREACHABLE_CODE = YES;
				CLANG_WARN__DUPLICATE_METHOD_MATCH = YES;
				"CODE_SIGN_IDENTITY[sdk=iphoneos*]" = "iPhone Developer";
				COPY_PHASE_STRIP = NO;
				DEBUG_INFORMATION_FORMAT = dwarf;
				ENABLE_STRICT_OBJC_MSGSEND = YES;
				ENABLE_TESTABILITY = YES;
				GCC_C_LANGUAGE_STANDARD = gnu99;
				GCC_DYNAMIC_NO_PIC = NO;
				GCC_NO_COMMON_BLOCKS = YES;
				GCC_OPTIMIZATION_LEVEL = 0;
				GCC_PREPROCESSOR_DEFINITIONS = (
					"DEBUG=1",
					"$(inherited)",
				);
				GCC_WARN_64_TO_32_BIT_CONVERSION = YES;
				GCC_WARN_ABOUT_RETURN_TYPE = YES_ERROR;
				GCC_WARN_UNDECLARED_SELECTOR = YES;
				GCC_WARN_UNINITIALIZED_AUTOS = YES_AGGRESSIVE;
				GCC_WARN_UNUSED_FUNCTION = YES;
				GCC_WARN_UNUSED_VARIABLE = YES;
				IPHONEOS_DEPLOYMENT_TARGET = 9.1;
				MTL_ENABLE_DEBUG_INFO = YES;
				ONLY_ACTIVE_ARCH = YES;
				SDKROOT = iphoneos;
				SWIFT_OPTIMIZATION_LEVEL = "-Onone";
				TARGETED_DEVICE_FAMILY = "1,2";
			};
			name = Debug;
		};
		515676B91C053742008D3347 /* Release */ = {
			isa = XCBuildConfiguration;
			baseConfigurationReference = 51F03D241C248432001C4E76 /* Keys.xcconfig */;
			buildSettings = {
				ALWAYS_SEARCH_USER_PATHS = NO;
				CLANG_CXX_LANGUAGE_STANDARD = "gnu++0x";
				CLANG_CXX_LIBRARY = "libc++";
				CLANG_ENABLE_MODULES = YES;
				CLANG_ENABLE_OBJC_ARC = YES;
				CLANG_WARN_BOOL_CONVERSION = YES;
				CLANG_WARN_CONSTANT_CONVERSION = YES;
				CLANG_WARN_DIRECT_OBJC_ISA_USAGE = YES_ERROR;
				CLANG_WARN_EMPTY_BODY = YES;
				CLANG_WARN_ENUM_CONVERSION = YES;
				CLANG_WARN_INT_CONVERSION = YES;
				CLANG_WARN_OBJC_ROOT_CLASS = YES_ERROR;
				CLANG_WARN_UNREACHABLE_CODE = YES;
				CLANG_WARN__DUPLICATE_METHOD_MATCH = YES;
				"CODE_SIGN_IDENTITY[sdk=iphoneos*]" = "iPhone Developer";
				COPY_PHASE_STRIP = NO;
				DEBUG_INFORMATION_FORMAT = "dwarf-with-dsym";
				ENABLE_NS_ASSERTIONS = NO;
				ENABLE_STRICT_OBJC_MSGSEND = YES;
				GCC_C_LANGUAGE_STANDARD = gnu99;
				GCC_NO_COMMON_BLOCKS = YES;
				GCC_WARN_64_TO_32_BIT_CONVERSION = YES;
				GCC_WARN_ABOUT_RETURN_TYPE = YES_ERROR;
				GCC_WARN_UNDECLARED_SELECTOR = YES;
				GCC_WARN_UNINITIALIZED_AUTOS = YES_AGGRESSIVE;
				GCC_WARN_UNUSED_FUNCTION = YES;
				GCC_WARN_UNUSED_VARIABLE = YES;
				IPHONEOS_DEPLOYMENT_TARGET = 9.1;
				MTL_ENABLE_DEBUG_INFO = NO;
				SDKROOT = iphoneos;
				TARGETED_DEVICE_FAMILY = "1,2";
				VALIDATE_PRODUCT = YES;
			};
			name = Release;
		};
		515676BB1C053742008D3347 /* Debug */ = {
			isa = XCBuildConfiguration;
			baseConfigurationReference = BB01830F14FAB186B491B6AF /* Pods.debug.xcconfig */;
			buildSettings = {
				ASSETCATALOG_COMPILER_APPICON_NAME = AppIcon;
				CODE_SIGN_IDENTITY = "iPhone Developer";
				"CODE_SIGN_IDENTITY[sdk=iphoneos*]" = "iPhone Developer";
				INFOPLIST_FILE = "Blue Notes/Info.plist";
				LD_RUNPATH_SEARCH_PATHS = "$(inherited) @executable_path/Frameworks";
				PRODUCT_BUNDLE_IDENTIFIER = anf.bluenotes;
				PRODUCT_NAME = "$(TARGET_NAME)";
				PROVISIONING_PROFILE = "";
			};
			name = Debug;
		};
		515676BC1C053742008D3347 /* Release */ = {
			isa = XCBuildConfiguration;
			baseConfigurationReference = 267AADCA07CAD607E96E6791 /* Pods.release.xcconfig */;
			buildSettings = {
				ASSETCATALOG_COMPILER_APPICON_NAME = AppIcon;
				CODE_SIGN_IDENTITY = "iPhone Developer";
				"CODE_SIGN_IDENTITY[sdk=iphoneos*]" = "iPhone Developer";
				INFOPLIST_FILE = "Blue Notes/Info.plist";
				LD_RUNPATH_SEARCH_PATHS = "$(inherited) @executable_path/Frameworks";
				PRODUCT_BUNDLE_IDENTIFIER = anf.bluenotes;
				PRODUCT_NAME = "$(TARGET_NAME)";
				PROVISIONING_PROFILE = "";
			};
			name = Release;
		};
/* End XCBuildConfiguration section */

/* Begin XCConfigurationList section */
		515676A11C053742008D3347 /* Build configuration list for PBXProject "Blue Notes" */ = {
			isa = XCConfigurationList;
			buildConfigurations = (
				515676B81C053742008D3347 /* Debug */,
				515676B91C053742008D3347 /* Release */,
			);
			defaultConfigurationIsVisible = 0;
			defaultConfigurationName = Release;
		};
		515676BA1C053742008D3347 /* Build configuration list for PBXNativeTarget "Blue Notes" */ = {
			isa = XCConfigurationList;
			buildConfigurations = (
				515676BB1C053742008D3347 /* Debug */,
				515676BC1C053742008D3347 /* Release */,
			);
			defaultConfigurationIsVisible = 0;
			defaultConfigurationName = Release;
		};
/* End XCConfigurationList section */
	};
	rootObject = 5156769E1C053742008D3347 /* Project object */;
}
